// !$*UTF8*$!
{
	archiveVersion = 1;
	classes = {
	};
	objectVersion = 46;
	objects = {

/* Begin PBXBuildFile section */
		79D28C961B66BCB10036D668 /* cd_DOCKIndicator10.m in Sources */ = {isa = PBXBuildFile; fileRef = FBE843581B641CEC00F87E50 /* cd_DOCKIndicator10.m */; };
		79D28C971B66BCB30036D668 /* cd_DOCKLabel.m in Sources */ = {isa = PBXBuildFile; fileRef = FBE843591B641CEC00F87E50 /* cd_DOCKLabel.m */; };
		79D28C981B66BCB40036D668 /* cd_DOCKTile.m in Sources */ = {isa = PBXBuildFile; fileRef = FBE8435A1B641CEC00F87E50 /* cd_DOCKTile.m */; };
		79D28C9A1B66BCC00036D668 /* Preferences.m in Sources */ = {isa = PBXBuildFile; fileRef = FBE843531B641CD100F87E50 /* Preferences.m */; };
		FB09A4E11C4B275E0072C553 /* INAppStoreWindow.m in Sources */ = {isa = PBXBuildFile; fileRef = FB09A4CD1C4B275E0072C553 /* INAppStoreWindow.m */; };
		FB09A4E21C4B275E0072C553 /* INWindowButton.m in Sources */ = {isa = PBXBuildFile; fileRef = FB09A4D01C4B275E0072C553 /* INWindowButton.m */; };
		FB09A4E31C4B275E0072C553 /* Credits.rtf in Resources */ = {isa = PBXBuildFile; fileRef = FB09A4D31C4B275E0072C553 /* Credits.rtf */; };
		FB09A4E41C4B275E0072C553 /* EULA.rtf in Resources */ = {isa = PBXBuildFile; fileRef = FB09A4D41C4B275E0072C553 /* EULA.rtf */; };
		FB09A4E71C4B275E0072C553 /* PFMoveApplication.m in Sources */ = {isa = PBXBuildFile; fileRef = FB09A4DA1C4B275E0072C553 /* PFMoveApplication.m */; };
		FB09A4E81C4B275E0072C553 /* WAYAppStoreWindow.m in Sources */ = {isa = PBXBuildFile; fileRef = FB09A4DD1C4B275E0072C553 /* WAYAppStoreWindow.m */; };
		FB09A4E91C4B275E0072C553 /* WAYWindow.m in Sources */ = {isa = PBXBuildFile; fileRef = FB09A4E01C4B275E0072C553 /* WAYWindow.m */; };
		FB09A4F01C4B27880072C553 /* github.png in Resources */ = {isa = PBXBuildFile; fileRef = FB09A4EC1C4B27880072C553 /* github.png */; };
		FB09A4F11C4B27880072C553 /* heart2.png in Resources */ = {isa = PBXBuildFile; fileRef = FB09A4ED1C4B27880072C553 /* heart2.png */; };
		FB09A4F21C4B27880072C553 /* translate.png in Resources */ = {isa = PBXBuildFile; fileRef = FB09A4EE1C4B27880072C553 /* translate.png */; };
		FB0CF13B1B81B4E100F16D5E /* cd_Initialize.m in Sources */ = {isa = PBXBuildFile; fileRef = FB0CF13A1B81B4E100F16D5E /* cd_Initialize.m */; };
		FB0CF13E1B81B5BC00F16D5E /* fishhook.c in Sources */ = {isa = PBXBuildFile; fileRef = FB0CF13C1B81B5BC00F16D5E /* fishhook.c */; };
		FB0CF1411B81B68900F16D5E /* ZKSwizzle.m in Sources */ = {isa = PBXBuildFile; fileRef = FB0CF1401B81B68900F16D5E /* ZKSwizzle.m */; };
		FB0CF6921C61B5AF002CF3DE /* cDockHelper.app in Resources */ = {isa = PBXBuildFile; fileRef = FB0CF6911C61B5AF002CF3DE /* cDockHelper.app */; };
		FB14DA101B96482B00C52E53 /* cd_ECMaterial10.m in Sources */ = {isa = PBXBuildFile; fileRef = FB14DA0F1B96482B00C52E53 /* cd_ECMaterial10.m */; };
		FB3EC0EB1B8EE26D00272131 /* cDock.bundle in Resources */ = {isa = PBXBuildFile; fileRef = FB3EC0EA1B8EE26D00272131 /* cDock.bundle */; };
		FB5E0BE11B673DF200AC2E6D /* cd_DOCKFloor10.m in Sources */ = {isa = PBXBuildFile; fileRef = FB5E0BE01B673DF200AC2E6D /* cd_DOCKFloor10.m */; };
		FB6BA6391C5744860099544C /* MyApp.xib in Resources */ = {isa = PBXBuildFile; fileRef = FB6BA6381C5744860099544C /* MyApp.xib */; };
		FB6BA63B1C587E110099544C /* webicon.png in Resources */ = {isa = PBXBuildFile; fileRef = FB6BA63A1C587E110099544C /* webicon.png */; };
		FB8E2C851C3A307E00192556 /* cd_shared.m in Sources */ = {isa = PBXBuildFile; fileRef = FB8E2C841C3A307E00192556 /* cd_shared.m */; };
		FB8E2C881C3A309100192556 /* cd_DOCKFloor9.m in Sources */ = {isa = PBXBuildFile; fileRef = FB8E2C861C3A309100192556 /* cd_DOCKFloor9.m */; };
		FB8E2C891C3A309100192556 /* cd_DOCKIndicator9.m in Sources */ = {isa = PBXBuildFile; fileRef = FB8E2C871C3A309100192556 /* cd_DOCKIndicator9.m */; };
		FB98BED61C54B253004BAE85 /* Sparkle.framework in Frameworks */ = {isa = PBXBuildFile; fileRef = FB98BED51C54B253004BAE85 /* Sparkle.framework */; };
		FB98BED81C54B2B3004BAE85 /* Sparkle.framework in CopyFiles */ = {isa = PBXBuildFile; fileRef = FB98BED51C54B253004BAE85 /* Sparkle.framework */; settings = {ATTRIBUTES = (CodeSignOnCopy, RemoveHeadersOnCopy, ); }; };
		FB98BEDA1C55538C004BAE85 /* dsa_pub.pem in Resources */ = {isa = PBXBuildFile; fileRef = FB98BED91C55538C004BAE85 /* dsa_pub.pem */; };
		FBA827161C5D53F40069A2E8 /* UncaughtExceptionHandler.m in Sources */ = {isa = PBXBuildFile; fileRef = FBA827151C5D53F40069A2E8 /* UncaughtExceptionHandler.m */; };
		FBA827181C5E8B1E0069A2E8 /* SIMBL.osax in Resources */ = {isa = PBXBuildFile; fileRef = FBA827171C5E8B1E0069A2E8 /* SIMBL.osax */; };
		FBA8271D1C5EC7AE0069A2E8 /* SIMBL_Install.sh in Resources */ = {isa = PBXBuildFile; fileRef = FBA8271C1C5EC7AE0069A2E8 /* SIMBL_Install.sh */; };
		FBA827221C5ED4520069A2E8 /* Sparkle.framework in Frameworks */ = {isa = PBXBuildFile; fileRef = FB98BED51C54B253004BAE85 /* Sparkle.framework */; };
		FBA827291C5F1FFC0069A2E8 /* dsa_pub.pem in Resources */ = {isa = PBXBuildFile; fileRef = FBA827281C5F1FFC0069A2E8 /* dsa_pub.pem */; };
		FBB2AB441BC0A5BD00319A8A /* AppDelegate.m in Sources */ = {isa = PBXBuildFile; fileRef = FBB2AB431BC0A5BD00319A8A /* AppDelegate.m */; };
		FBB2AB471BC0A5BD00319A8A /* main.m in Sources */ = {isa = PBXBuildFile; fileRef = FBB2AB461BC0A5BD00319A8A /* main.m */; };
		FBB2AB491BC0A5BD00319A8A /* Assets.xcassets in Resources */ = {isa = PBXBuildFile; fileRef = FBB2AB481BC0A5BD00319A8A /* Assets.xcassets */; };
		FBB2AB4C1BC0A5BD00319A8A /* MainMenu.xib in Resources */ = {isa = PBXBuildFile; fileRef = FBB2AB4A1BC0A5BD00319A8A /* MainMenu.xib */; };
		FBD1F6F01B8BF44A00DF2E91 /* cDock.icns in Resources */ = {isa = PBXBuildFile; fileRef = FBD1F6EF1B8BF44A00DF2E91 /* cDock.icns */; };
		FBD1F6F51B8D3A3600DF2E91 /* themes in Resources */ = {isa = PBXBuildFile; fileRef = FBD1F6F41B8D3A3600DF2E91 /* themes */; };
		FBE661BA1C294B7D004AE953 /* changelog.rtf in Resources */ = {isa = PBXBuildFile; fileRef = FBE661B91C294B7D004AE953 /* changelog.rtf */; };
		FBE843611B641D4A00F87E50 /* AppDelegate.m in Sources */ = {isa = PBXBuildFile; fileRef = FBE843601B641D4A00F87E50 /* AppDelegate.m */; };
		FBF610611BC0362E00FDCCA4 /* main.m in Sources */ = {isa = PBXBuildFile; fileRef = FBF610601BC0362E00FDCCA4 /* main.m */; };
/* End PBXBuildFile section */

/* Begin PBXCopyFilesBuildPhase section */
		FB98BED71C54B2A0004BAE85 /* CopyFiles */ = {
			isa = PBXCopyFilesBuildPhase;
			buildActionMask = 2147483647;
			dstPath = "";
			dstSubfolderSpec = 10;
			files = (
				FB98BED81C54B2B3004BAE85 /* Sparkle.framework in CopyFiles */,
			);
			runOnlyForDeploymentPostprocessing = 0;
		};
/* End PBXCopyFilesBuildPhase section */

/* Begin PBXFileReference section */
		FB07EA6A1CE7A49400BEF3F8 /* Apple */ = {isa = PBXFileReference; lastKnownFileType = folder; path = Apple; sourceTree = "<group>"; };
		FB09A4CC1C4B275E0072C553 /* INAppStoreWindow.h */ = {isa = PBXFileReference; fileEncoding = 4; lastKnownFileType = sourcecode.c.h; path = INAppStoreWindow.h; sourceTree = "<group>"; };
		FB09A4CD1C4B275E0072C553 /* INAppStoreWindow.m */ = {isa = PBXFileReference; fileEncoding = 4; lastKnownFileType = sourcecode.c.objc; path = INAppStoreWindow.m; sourceTree = "<group>"; };
		FB09A4CE1C4B275E0072C553 /* INAppStoreWindowCompatibility.h */ = {isa = PBXFileReference; fileEncoding = 4; lastKnownFileType = sourcecode.c.h; path = INAppStoreWindowCompatibility.h; sourceTree = "<group>"; };
		FB09A4CF1C4B275E0072C553 /* INWindowButton.h */ = {isa = PBXFileReference; fileEncoding = 4; lastKnownFileType = sourcecode.c.h; path = INWindowButton.h; sourceTree = "<group>"; };
		FB09A4D01C4B275E0072C553 /* INWindowButton.m */ = {isa = PBXFileReference; fileEncoding = 4; lastKnownFileType = sourcecode.c.objc; path = INWindowButton.m; sourceTree = "<group>"; };
		FB09A4D31C4B275E0072C553 /* Credits.rtf */ = {isa = PBXFileReference; fileEncoding = 4; lastKnownFileType = text.rtf; name = Credits.rtf; path = resources/PFAboutWindow/Credits.rtf; sourceTree = "<group>"; };
		FB09A4D41C4B275E0072C553 /* EULA.rtf */ = {isa = PBXFileReference; fileEncoding = 4; lastKnownFileType = text.rtf; name = EULA.rtf; path = resources/PFAboutWindow/EULA.rtf; sourceTree = "<group>"; };
		FB09A4D91C4B275E0072C553 /* PFMoveApplication.h */ = {isa = PBXFileReference; fileEncoding = 4; lastKnownFileType = sourcecode.c.h; path = PFMoveApplication.h; sourceTree = "<group>"; };
		FB09A4DA1C4B275E0072C553 /* PFMoveApplication.m */ = {isa = PBXFileReference; fileEncoding = 4; lastKnownFileType = sourcecode.c.objc; path = PFMoveApplication.m; sourceTree = "<group>"; };
		FB09A4DC1C4B275E0072C553 /* WAYAppStoreWindow.h */ = {isa = PBXFileReference; fileEncoding = 4; lastKnownFileType = sourcecode.c.h; path = WAYAppStoreWindow.h; sourceTree = "<group>"; };
		FB09A4DD1C4B275E0072C553 /* WAYAppStoreWindow.m */ = {isa = PBXFileReference; fileEncoding = 4; lastKnownFileType = sourcecode.c.objc; path = WAYAppStoreWindow.m; sourceTree = "<group>"; };
		FB09A4DF1C4B275E0072C553 /* WAYWindow.h */ = {isa = PBXFileReference; fileEncoding = 4; lastKnownFileType = sourcecode.c.h; path = WAYWindow.h; sourceTree = "<group>"; };
		FB09A4E01C4B275E0072C553 /* WAYWindow.m */ = {isa = PBXFileReference; fileEncoding = 4; lastKnownFileType = sourcecode.c.objc; path = WAYWindow.m; sourceTree = "<group>"; };
		FB09A4EC1C4B27880072C553 /* github.png */ = {isa = PBXFileReference; lastKnownFileType = image.png; name = github.png; path = icons/github.png; sourceTree = "<group>"; };
		FB09A4ED1C4B27880072C553 /* heart2.png */ = {isa = PBXFileReference; lastKnownFileType = image.png; name = heart2.png; path = icons/heart2.png; sourceTree = "<group>"; };
		FB09A4EE1C4B27880072C553 /* translate.png */ = {isa = PBXFileReference; lastKnownFileType = image.png; name = translate.png; path = icons/translate.png; sourceTree = "<group>"; };
		FB0CF13A1B81B4E100F16D5E /* cd_Initialize.m */ = {isa = PBXFileReference; fileEncoding = 4; lastKnownFileType = sourcecode.c.objc; name = cd_Initialize.m; path = cDock/cd_Initialize.m; sourceTree = SOURCE_ROOT; };
		FB0CF13C1B81B5BC00F16D5E /* fishhook.c */ = {isa = PBXFileReference; fileEncoding = 4; lastKnownFileType = sourcecode.c.c; name = fishhook.c; path = Fishhook/fishhook.c; sourceTree = "<group>"; };
		FB0CF13D1B81B5BC00F16D5E /* fishhook.h */ = {isa = PBXFileReference; fileEncoding = 4; lastKnownFileType = sourcecode.c.h; name = fishhook.h; path = Fishhook/fishhook.h; sourceTree = "<group>"; };
		FB0CF13F1B81B68900F16D5E /* ZKSwizzle.h */ = {isa = PBXFileReference; fileEncoding = 4; lastKnownFileType = sourcecode.c.h; name = ZKSwizzle.h; path = ZKSwizzle/ZKSwizzle.h; sourceTree = "<group>"; };
		FB0CF1401B81B68900F16D5E /* ZKSwizzle.m */ = {isa = PBXFileReference; fileEncoding = 4; lastKnownFileType = sourcecode.c.objc; name = ZKSwizzle.m; path = ZKSwizzle/ZKSwizzle.m; sourceTree = "<group>"; };
		FB0CF6911C61B5AF002CF3DE /* cDockHelper.app */ = {isa = PBXFileReference; lastKnownFileType = wrapper.application; path = cDockHelper.app; sourceTree = "<group>"; };
		FB14DA0F1B96482B00C52E53 /* cd_ECMaterial10.m */ = {isa = PBXFileReference; fileEncoding = 4; lastKnownFileType = sourcecode.c.objc; name = cd_ECMaterial10.m; path = cDock/cd_ECMaterial10.m; sourceTree = SOURCE_ROOT; };
		FB3EC0EA1B8EE26D00272131 /* cDock.bundle */ = {isa = PBXFileReference; lastKnownFileType = "wrapper.plug-in"; path = cDock.bundle; sourceTree = "<group>"; };
		FB5E0BE01B673DF200AC2E6D /* cd_DOCKFloor10.m */ = {isa = PBXFileReference; fileEncoding = 4; lastKnownFileType = sourcecode.c.objc; name = cd_DOCKFloor10.m; path = cDock/cd_DOCKFloor10.m; sourceTree = SOURCE_ROOT; };
		FB6BA6381C5744860099544C /* MyApp.xib */ = {isa = PBXFileReference; fileEncoding = 4; lastKnownFileType = file.xib; path = MyApp.xib; sourceTree = "<group>"; };
		FB6BA63A1C587E110099544C /* webicon.png */ = {isa = PBXFileReference; lastKnownFileType = image.png; path = webicon.png; sourceTree = "<group>"; };
		FB8E2C831C3A307400192556 /* cd_shared.h */ = {isa = PBXFileReference; fileEncoding = 4; lastKnownFileType = sourcecode.c.h; name = cd_shared.h; path = cDock/cd_shared.h; sourceTree = SOURCE_ROOT; };
		FB8E2C841C3A307E00192556 /* cd_shared.m */ = {isa = PBXFileReference; fileEncoding = 4; lastKnownFileType = sourcecode.c.objc; name = cd_shared.m; path = cDock/cd_shared.m; sourceTree = SOURCE_ROOT; };
		FB8E2C861C3A309100192556 /* cd_DOCKFloor9.m */ = {isa = PBXFileReference; fileEncoding = 4; lastKnownFileType = sourcecode.c.objc; name = cd_DOCKFloor9.m; path = cDock/cd_DOCKFloor9.m; sourceTree = SOURCE_ROOT; };
		FB8E2C871C3A309100192556 /* cd_DOCKIndicator9.m */ = {isa = PBXFileReference; fileEncoding = 4; lastKnownFileType = sourcecode.c.objc; name = cd_DOCKIndicator9.m; path = cDock/cd_DOCKIndicator9.m; sourceTree = SOURCE_ROOT; };
		FB98BED51C54B253004BAE85 /* Sparkle.framework */ = {isa = PBXFileReference; lastKnownFileType = wrapper.framework; path = Sparkle.framework; sourceTree = "<group>"; };
		FB98BED91C55538C004BAE85 /* dsa_pub.pem */ = {isa = PBXFileReference; fileEncoding = 4; lastKnownFileType = text; path = dsa_pub.pem; sourceTree = "<group>"; };
		FBA827141C5D53F40069A2E8 /* UncaughtExceptionHandler.h */ = {isa = PBXFileReference; fileEncoding = 4; lastKnownFileType = sourcecode.c.h; path = UncaughtExceptionHandler.h; sourceTree = "<group>"; };
		FBA827151C5D53F40069A2E8 /* UncaughtExceptionHandler.m */ = {isa = PBXFileReference; fileEncoding = 4; lastKnownFileType = sourcecode.c.objc; path = UncaughtExceptionHandler.m; sourceTree = "<group>"; };
		FBA827171C5E8B1E0069A2E8 /* SIMBL.osax */ = {isa = PBXFileReference; lastKnownFileType = folder; path = SIMBL.osax; sourceTree = "<group>"; };
		FBA8271C1C5EC7AE0069A2E8 /* SIMBL_Install.sh */ = {isa = PBXFileReference; fileEncoding = 4; lastKnownFileType = text.script.sh; path = SIMBL_Install.sh; sourceTree = "<group>"; };
		FBA827281C5F1FFC0069A2E8 /* dsa_pub.pem */ = {isa = PBXFileReference; fileEncoding = 4; lastKnownFileType = text; path = dsa_pub.pem; sourceTree = "<group>"; };
		FBB2AB401BC0A5BD00319A8A /* cDockHelper.app */ = {isa = PBXFileReference; explicitFileType = wrapper.application; includeInIndex = 0; path = cDockHelper.app; sourceTree = BUILT_PRODUCTS_DIR; };
		FBB2AB421BC0A5BD00319A8A /* AppDelegate.h */ = {isa = PBXFileReference; lastKnownFileType = sourcecode.c.h; path = AppDelegate.h; sourceTree = "<group>"; };
		FBB2AB431BC0A5BD00319A8A /* AppDelegate.m */ = {isa = PBXFileReference; lastKnownFileType = sourcecode.c.objc; path = AppDelegate.m; sourceTree = "<group>"; };
		FBB2AB461BC0A5BD00319A8A /* main.m */ = {isa = PBXFileReference; lastKnownFileType = sourcecode.c.objc; path = main.m; sourceTree = "<group>"; };
		FBB2AB481BC0A5BD00319A8A /* Assets.xcassets */ = {isa = PBXFileReference; lastKnownFileType = folder.assetcatalog; path = Assets.xcassets; sourceTree = "<group>"; };
		FBB2AB4B1BC0A5BD00319A8A /* Base */ = {isa = PBXFileReference; lastKnownFileType = file.xib; name = Base; path = Base.lproj/MainMenu.xib; sourceTree = "<group>"; };
		FBB2AB4D1BC0A5BD00319A8A /* Info.plist */ = {isa = PBXFileReference; lastKnownFileType = text.plist.xml; path = Info.plist; sourceTree = "<group>"; };
		FBC4F4ED1B5ED0EC0078D4E4 /* cDock.bundle */ = {isa = PBXFileReference; explicitFileType = wrapper.cfbundle; includeInIndex = 0; path = cDock.bundle; sourceTree = BUILT_PRODUCTS_DIR; };
		FBC4F4F01B5ED0EC0078D4E4 /* Info.plist */ = {isa = PBXFileReference; lastKnownFileType = text.plist.xml; path = Info.plist; sourceTree = "<group>"; };
		FBD1F6EF1B8BF44A00DF2E91 /* cDock.icns */ = {isa = PBXFileReference; lastKnownFileType = image.icns; path = cDock.icns; sourceTree = "<group>"; };
		FBD1F6F41B8D3A3600DF2E91 /* themes */ = {isa = PBXFileReference; lastKnownFileType = folder; path = themes; sourceTree = "<group>"; };
		FBDE03601B5ED1EE00C1C5DB /* cDock 2.app */ = {isa = PBXFileReference; explicitFileType = wrapper.application; includeInIndex = 0; path = "cDock 2.app"; sourceTree = BUILT_PRODUCTS_DIR; };
		FBDE03701B5ED1EE00C1C5DB /* Info.plist */ = {isa = PBXFileReference; lastKnownFileType = text.plist.xml; path = Info.plist; sourceTree = "<group>"; };
		FBE661B91C294B7D004AE953 /* changelog.rtf */ = {isa = PBXFileReference; fileEncoding = 4; lastKnownFileType = text.rtf; path = changelog.rtf; sourceTree = "<group>"; };
		FBE843521B641CD100F87E50 /* Preferences.h */ = {isa = PBXFileReference; fileEncoding = 4; lastKnownFileType = sourcecode.c.h; name = Preferences.h; path = cDock/Preferences/Preferences.h; sourceTree = SOURCE_ROOT; };
		FBE843531B641CD100F87E50 /* Preferences.m */ = {isa = PBXFileReference; fileEncoding = 4; lastKnownFileType = sourcecode.c.objc; name = Preferences.m; path = cDock/Preferences/Preferences.m; sourceTree = SOURCE_ROOT; };
		FBE843581B641CEC00F87E50 /* cd_DOCKIndicator10.m */ = {isa = PBXFileReference; fileEncoding = 4; lastKnownFileType = sourcecode.c.objc; name = cd_DOCKIndicator10.m; path = cDock/cd_DOCKIndicator10.m; sourceTree = SOURCE_ROOT; };
		FBE843591B641CEC00F87E50 /* cd_DOCKLabel.m */ = {isa = PBXFileReference; fileEncoding = 4; lastKnownFileType = sourcecode.c.objc; name = cd_DOCKLabel.m; path = cDock/cd_DOCKLabel.m; sourceTree = SOURCE_ROOT; };
		FBE8435A1B641CEC00F87E50 /* cd_DOCKTile.m */ = {isa = PBXFileReference; fileEncoding = 4; lastKnownFileType = sourcecode.c.objc; name = cd_DOCKTile.m; path = cDock/cd_DOCKTile.m; sourceTree = SOURCE_ROOT; };
		FBE8435F1B641D4A00F87E50 /* AppDelegate.h */ = {isa = PBXFileReference; fileEncoding = 4; lastKnownFileType = sourcecode.c.h; name = AppDelegate.h; path = "cDock-GUI/AppDelegate.h"; sourceTree = SOURCE_ROOT; };
		FBE843601B641D4A00F87E50 /* AppDelegate.m */ = {isa = PBXFileReference; fileEncoding = 4; lastKnownFileType = sourcecode.c.objc; name = AppDelegate.m; path = "cDock-GUI/AppDelegate.m"; sourceTree = SOURCE_ROOT; };
		FBF610601BC0362E00FDCCA4 /* main.m */ = {isa = PBXFileReference; fileEncoding = 4; lastKnownFileType = sourcecode.c.objc; name = main.m; path = "cDock-GUI/main.m"; sourceTree = SOURCE_ROOT; };
/* End PBXFileReference section */

/* Begin PBXFrameworksBuildPhase section */
		FBB2AB3D1BC0A5BD00319A8A /* Frameworks */ = {
			isa = PBXFrameworksBuildPhase;
			buildActionMask = 2147483647;
			files = (
				FBA827221C5ED4520069A2E8 /* Sparkle.framework in Frameworks */,
			);
			runOnlyForDeploymentPostprocessing = 0;
		};
		FBC4F4EA1B5ED0EC0078D4E4 /* Frameworks */ = {
			isa = PBXFrameworksBuildPhase;
			buildActionMask = 2147483647;
			files = (
			);
			runOnlyForDeploymentPostprocessing = 0;
		};
		FBDE035D1B5ED1EE00C1C5DB /* Frameworks */ = {
			isa = PBXFrameworksBuildPhase;
			buildActionMask = 2147483647;
			files = (
				FB98BED61C54B253004BAE85 /* Sparkle.framework in Frameworks */,
			);
			runOnlyForDeploymentPostprocessing = 0;
		};
/* End PBXFrameworksBuildPhase section */

/* Begin PBXGroup section */
		79A33DAE1B6C0630007299FC /* ZKSwizzle */ = {
			isa = PBXGroup;
			children = (
				FB0CF13F1B81B68900F16D5E /* ZKSwizzle.h */,
				FB0CF1401B81B68900F16D5E /* ZKSwizzle.m */,
			);
			name = ZKSwizzle;
			sourceTree = "<group>";
		};
		FB09A4CA1C4B275E0072C553 /* INAppStoreWindow */ = {
			isa = PBXGroup;
			children = (
				FB09A4CB1C4B275E0072C553 /* Extensions */,
				FB09A4CC1C4B275E0072C553 /* INAppStoreWindow.h */,
				FB09A4CD1C4B275E0072C553 /* INAppStoreWindow.m */,
				FB09A4CE1C4B275E0072C553 /* INAppStoreWindowCompatibility.h */,
				FB09A4CF1C4B275E0072C553 /* INWindowButton.h */,
				FB09A4D01C4B275E0072C553 /* INWindowButton.m */,
				FB09A4D11C4B275E0072C553 /* VAColorCheckbox */,
			);
			name = INAppStoreWindow;
			path = resources/INAppStoreWindow;
			sourceTree = "<group>";
		};
		FB09A4CB1C4B275E0072C553 /* Extensions */ = {
			isa = PBXGroup;
			children = (
			);
			path = Extensions;
			sourceTree = "<group>";
		};
		FB09A4D11C4B275E0072C553 /* VAColorCheckbox */ = {
			isa = PBXGroup;
			children = (
			);
			path = VAColorCheckbox;
			sourceTree = "<group>";
		};
		FB09A4D81C4B275E0072C553 /* PFMoveApplication */ = {
			isa = PBXGroup;
			children = (
				FB09A4D91C4B275E0072C553 /* PFMoveApplication.h */,
				FB09A4DA1C4B275E0072C553 /* PFMoveApplication.m */,
			);
			name = PFMoveApplication;
			path = resources/PFMoveApplication;
			sourceTree = "<group>";
		};
		FB09A4DB1C4B275E0072C553 /* WAYAppStoreWindow */ = {
			isa = PBXGroup;
			children = (
				FB09A4DC1C4B275E0072C553 /* WAYAppStoreWindow.h */,
				FB09A4DD1C4B275E0072C553 /* WAYAppStoreWindow.m */,
			);
			name = WAYAppStoreWindow;
			path = resources/WAYAppStoreWindow;
			sourceTree = "<group>";
		};
		FB09A4DE1C4B275E0072C553 /* WAYWindow */ = {
			isa = PBXGroup;
			children = (
				FB09A4DF1C4B275E0072C553 /* WAYWindow.h */,
				FB09A4E01C4B275E0072C553 /* WAYWindow.m */,
			);
			name = WAYWindow;
			path = resources/WAYWindow;
			sourceTree = "<group>";
		};
		FB09A4EA1C4B27720072C553 /* Titlebar */ = {
			isa = PBXGroup;
			children = (
				FB09A4CA1C4B275E0072C553 /* INAppStoreWindow */,
				FB09A4DB1C4B275E0072C553 /* WAYAppStoreWindow */,
				FB09A4DE1C4B275E0072C553 /* WAYWindow */,
			);
			name = Titlebar;
			sourceTree = "<group>";
		};
		FB0CF6901C61B054002CF3DE /* Excpetion */ = {
			isa = PBXGroup;
			children = (
				FBA827141C5D53F40069A2E8 /* UncaughtExceptionHandler.h */,
				FBA827151C5D53F40069A2E8 /* UncaughtExceptionHandler.m */,
			);
			name = Excpetion;
			sourceTree = "<group>";
		};
		FB13CA031B6746D1006F3D89 /* Fishhook */ = {
			isa = PBXGroup;
			children = (
				FB0CF13C1B81B5BC00F16D5E /* fishhook.c */,
				FB0CF13D1B81B5BC00F16D5E /* fishhook.h */,
			);
			name = Fishhook;
			sourceTree = "<group>";
		};
		FB1E22701C28E3B20085E29A /* 10.9 */ = {
			isa = PBXGroup;
			children = (
				FB8E2C861C3A309100192556 /* cd_DOCKFloor9.m */,
				FB8E2C871C3A309100192556 /* cd_DOCKIndicator9.m */,
			);
			name = 10.9;
			sourceTree = "<group>";
		};
		FB1E22711C28E3BC0085E29A /* 10.10+ */ = {
			isa = PBXGroup;
			children = (
				FB5E0BE01B673DF200AC2E6D /* cd_DOCKFloor10.m */,
				FBE843581B641CEC00F87E50 /* cd_DOCKIndicator10.m */,
				FB14DA0F1B96482B00C52E53 /* cd_ECMaterial10.m */,
			);
			name = "10.10+";
			sourceTree = "<group>";
		};
		FB6BA63C1C589EF70099544C /* Icons */ = {
			isa = PBXGroup;
			children = (
				FB6BA63A1C587E110099544C /* webicon.png */,
				FBD1F6EF1B8BF44A00DF2E91 /* cDock.icns */,
				FB09A4EC1C4B27880072C553 /* github.png */,
				FB09A4ED1C4B27880072C553 /* heart2.png */,
				FB09A4EE1C4B27880072C553 /* translate.png */,
			);
			name = Icons;
			sourceTree = "<group>";
		};
		FB6BA63D1C589F090099544C /* Info */ = {
			isa = PBXGroup;
			children = (
				FB09A4D31C4B275E0072C553 /* Credits.rtf */,
				FB09A4D41C4B275E0072C553 /* EULA.rtf */,
				FBE661B91C294B7D004AE953 /* changelog.rtf */,
				FBDE03701B5ED1EE00C1C5DB /* Info.plist */,
			);
			name = Info;
			sourceTree = "<group>";
		};
		FBA827271C5F165F0069A2E8 /* Scripts */ = {
			isa = PBXGroup;
			children = (
			);
			name = Scripts;
			sourceTree = "<group>";
		};
		FBB2AB411BC0A5BD00319A8A /* cDock-Helper */ = {
			isa = PBXGroup;
			children = (
				FBB7934A1C7A8DF4006BF301 /* stuff */,
				FBA827171C5E8B1E0069A2E8 /* SIMBL.osax */,
				FBA8271C1C5EC7AE0069A2E8 /* SIMBL_Install.sh */,
				FBB2AB421BC0A5BD00319A8A /* AppDelegate.h */,
				FBB2AB431BC0A5BD00319A8A /* AppDelegate.m */,
				FBB2AB4D1BC0A5BD00319A8A /* Info.plist */,
			);
			path = "cDock-Helper";
			sourceTree = "<group>";
		};
		FBB7934A1C7A8DF4006BF301 /* stuff */ = {
			isa = PBXGroup;
			children = (
				FBB2AB461BC0A5BD00319A8A /* main.m */,
				FBA827281C5F1FFC0069A2E8 /* dsa_pub.pem */,
				FBB2AB481BC0A5BD00319A8A /* Assets.xcassets */,
				FBB2AB4A1BC0A5BD00319A8A /* MainMenu.xib */,
			);
			name = stuff;
			sourceTree = "<group>";
		};
		FBC4F4E41B5ED0EC0078D4E4 = {
			isa = PBXGroup;
			children = (
				FB07EA6A1CE7A49400BEF3F8 /* Apple */,
				FB98BED51C54B253004BAE85 /* Sparkle.framework */,
				FBC4F4EF1B5ED0EC0078D4E4 /* cDock Bundle */,
				FBDE03611B5ED1EE00C1C5DB /* cDock GUI */,
				FBB2AB411BC0A5BD00319A8A /* cDock-Helper */,
				FBC4F4EE1B5ED0EC0078D4E4 /* Products */,
			);
			sourceTree = "<group>";
		};
		FBC4F4EE1B5ED0EC0078D4E4 /* Products */ = {
			isa = PBXGroup;
			children = (
				FBC4F4ED1B5ED0EC0078D4E4 /* cDock.bundle */,
				FBDE03601B5ED1EE00C1C5DB /* cDock 2.app */,
				FBB2AB401BC0A5BD00319A8A /* cDockHelper.app */,
			);
			name = Products;
			sourceTree = "<group>";
		};
		FBC4F4EF1B5ED0EC0078D4E4 /* cDock Bundle */ = {
			isa = PBXGroup;
			children = (
				79A33DAE1B6C0630007299FC /* ZKSwizzle */,
				FB13CA031B6746D1006F3D89 /* Fishhook */,
				FBD71EAD1B5F201900C50402 /* Preferences */,
				FB0CF6901C61B054002CF3DE /* Excpetion */,
				FBD71EB11B5F201900C50402 /* cDock Theming */,
				FBC4F4F01B5ED0EC0078D4E4 /* Info.plist */,
			);
			name = "cDock Bundle";
			path = cDock;
			sourceTree = "<group>";
		};
		FBD71EAD1B5F201900C50402 /* Preferences */ = {
			isa = PBXGroup;
			children = (
				FBE843521B641CD100F87E50 /* Preferences.h */,
				FBE843531B641CD100F87E50 /* Preferences.m */,
			);
			name = Preferences;
			path = "../../../untitled folder/Modck-master/Modck";
			sourceTree = "<group>";
		};
		FBD71EB11B5F201900C50402 /* cDock Theming */ = {
			isa = PBXGroup;
			children = (
				FB8E2C831C3A307400192556 /* cd_shared.h */,
				FB8E2C841C3A307E00192556 /* cd_shared.m */,
				FB0CF13A1B81B4E100F16D5E /* cd_Initialize.m */,
				FB1E22711C28E3BC0085E29A /* 10.10+ */,
				FB1E22701C28E3B20085E29A /* 10.9 */,
				FBE843591B641CEC00F87E50 /* cd_DOCKLabel.m */,
				FBE8435A1B641CEC00F87E50 /* cd_DOCKTile.m */,
			);
			name = "cDock Theming";
			path = "../../../untitled folder/Modck-master/Modck";
			sourceTree = "<group>";
		};
		FBDE03611B5ED1EE00C1C5DB /* cDock GUI */ = {
			isa = PBXGroup;
			children = (
				FBF610621BC06E8F00FDCCA4 /* Sources */,
				FBDE03651B5ED1EE00C1C5DB /* Resource */,
				FBDE037E1B5ED25700C1C5DB /* Classes */,
				FB6BA6381C5744860099544C /* MyApp.xib */,
			);
			name = "cDock GUI";
			path = "cDock-GUI";
			sourceTree = "<group>";
		};
		FBDE03651B5ED1EE00C1C5DB /* Resource */ = {
			isa = PBXGroup;
			children = (
				FB98BED91C55538C004BAE85 /* dsa_pub.pem */,
				FB0CF6911C61B5AF002CF3DE /* cDockHelper.app */,
				FB3EC0EA1B8EE26D00272131 /* cDock.bundle */,
				FBD1F6F41B8D3A3600DF2E91 /* themes */,
				FBA827271C5F165F0069A2E8 /* Scripts */,
				FB6BA63C1C589EF70099544C /* Icons */,
				FB6BA63D1C589F090099544C /* Info */,
			);
			name = Resource;
			sourceTree = "<group>";
		};
		FBDE037E1B5ED25700C1C5DB /* Classes */ = {
			isa = PBXGroup;
			children = (
				FBF610601BC0362E00FDCCA4 /* main.m */,
				FBE8435F1B641D4A00F87E50 /* AppDelegate.h */,
				FBE843601B641D4A00F87E50 /* AppDelegate.m */,
			);
			name = Classes;
			path = "../../../untitled folder/Modck-master/ModckPreferences";
			sourceTree = "<group>";
		};
		FBF610621BC06E8F00FDCCA4 /* Sources */ = {
			isa = PBXGroup;
			children = (
				FB09A4EA1C4B27720072C553 /* Titlebar */,
				FB09A4D81C4B275E0072C553 /* PFMoveApplication */,
			);
			name = Sources;
			sourceTree = "<group>";
		};
/* End PBXGroup section */

/* Begin PBXNativeTarget section */
		FBB2AB3F1BC0A5BD00319A8A /* cDockHelper */ = {
			isa = PBXNativeTarget;
			buildConfigurationList = FBB2AB4E1BC0A5BD00319A8A /* Build configuration list for PBXNativeTarget "cDockHelper" */;
			buildPhases = (
				FBB2AB3C1BC0A5BD00319A8A /* Sources */,
				FBB2AB3D1BC0A5BD00319A8A /* Frameworks */,
				FBB2AB3E1BC0A5BD00319A8A /* Resources */,
				FBA827231C5F08BB0069A2E8 /* ShellScript */,
			);
			buildRules = (
			);
			dependencies = (
			);
			name = cDockHelper;
			productName = "cDock-Helper";
			productReference = FBB2AB401BC0A5BD00319A8A /* cDockHelper.app */;
			productType = "com.apple.product-type.application";
		};
		FBC4F4EC1B5ED0EC0078D4E4 /* cDock */ = {
			isa = PBXNativeTarget;
			buildConfigurationList = FBC4F4F31B5ED0EC0078D4E4 /* Build configuration list for PBXNativeTarget "cDock" */;
			buildPhases = (
				FBC4F4E91B5ED0EC0078D4E4 /* Sources */,
				FBC4F4EA1B5ED0EC0078D4E4 /* Frameworks */,
				FBC4F4EB1B5ED0EC0078D4E4 /* Resources */,
				FBCB4FD81B5F2973007476C4 /* Move Bundle */,
			);
			buildRules = (
			);
			dependencies = (
			);
			name = cDock;
			productName = cDock;
			productReference = FBC4F4ED1B5ED0EC0078D4E4 /* cDock.bundle */;
			productType = "com.apple.product-type.bundle";
		};
		FBDE035F1B5ED1EE00C1C5DB /* cDock 2 */ = {
			isa = PBXNativeTarget;
			buildConfigurationList = FBDE03711B5ED1EE00C1C5DB /* Build configuration list for PBXNativeTarget "cDock 2" */;
			buildPhases = (
				FBDE035C1B5ED1EE00C1C5DB /* Sources */,
				FBDE035D1B5ED1EE00C1C5DB /* Frameworks */,
				FBDE035E1B5ED1EE00C1C5DB /* Resources */,
				FB98BED71C54B2A0004BAE85 /* CopyFiles */,
				FBD1F6F61B8D3C1C00DF2E91 /* ShellScript */,
			);
			buildRules = (
			);
			dependencies = (
			);
			name = "cDock 2";
			productName = "cDock-GUI";
			productReference = FBDE03601B5ED1EE00C1C5DB /* cDock 2.app */;
			productType = "com.apple.product-type.application";
		};
/* End PBXNativeTarget section */

/* Begin PBXProject section */
		FBC4F4E51B5ED0EC0078D4E4 /* Project object */ = {
			isa = PBXProject;
			attributes = {
				LastUpgradeCheck = 0710;
				ORGANIZATIONNAME = "Wolfgang Baird";
				TargetAttributes = {
					FBB2AB3F1BC0A5BD00319A8A = {
						CreatedOnToolsVersion = 7.1;
						DevelopmentTeam = EX596BNL45;
					};
					FBC4F4EC1B5ED0EC0078D4E4 = {
						CreatedOnToolsVersion = 7.0;
					};
					FBDE035F1B5ED1EE00C1C5DB = {
						CreatedOnToolsVersion = 7.0;
						DevelopmentTeam = EX596BNL45;
					};
				};
			};
			buildConfigurationList = FBC4F4E81B5ED0EC0078D4E4 /* Build configuration list for PBXProject "cDock" */;
			compatibilityVersion = "Xcode 3.2";
			developmentRegion = English;
			hasScannedForEncodings = 0;
			knownRegions = (
				en,
				Base,
			);
			mainGroup = FBC4F4E41B5ED0EC0078D4E4;
			productRefGroup = FBC4F4EE1B5ED0EC0078D4E4 /* Products */;
			projectDirPath = "";
			projectRoot = "";
			targets = (
				FBC4F4EC1B5ED0EC0078D4E4 /* cDock */,
				FBDE035F1B5ED1EE00C1C5DB /* cDock 2 */,
				FBB2AB3F1BC0A5BD00319A8A /* cDockHelper */,
			);
		};
/* End PBXProject section */

/* Begin PBXResourcesBuildPhase section */
		FBB2AB3E1BC0A5BD00319A8A /* Resources */ = {
			isa = PBXResourcesBuildPhase;
			buildActionMask = 2147483647;
			files = (
				FBA827291C5F1FFC0069A2E8 /* dsa_pub.pem in Resources */,
				FBA827181C5E8B1E0069A2E8 /* SIMBL.osax in Resources */,
				FBB2AB491BC0A5BD00319A8A /* Assets.xcassets in Resources */,
				FBB2AB4C1BC0A5BD00319A8A /* MainMenu.xib in Resources */,
				FBA8271D1C5EC7AE0069A2E8 /* SIMBL_Install.sh in Resources */,
			);
			runOnlyForDeploymentPostprocessing = 0;
		};
		FBC4F4EB1B5ED0EC0078D4E4 /* Resources */ = {
			isa = PBXResourcesBuildPhase;
			buildActionMask = 2147483647;
			files = (
			);
			runOnlyForDeploymentPostprocessing = 0;
		};
		FBDE035E1B5ED1EE00C1C5DB /* Resources */ = {
			isa = PBXResourcesBuildPhase;
			buildActionMask = 2147483647;
			files = (
				FB09A4F01C4B27880072C553 /* github.png in Resources */,
				FB6BA6391C5744860099544C /* MyApp.xib in Resources */,
				FB09A4F21C4B27880072C553 /* translate.png in Resources */,
				FBE661BA1C294B7D004AE953 /* changelog.rtf in Resources */,
				FB6BA63B1C587E110099544C /* webicon.png in Resources */,
				FB09A4F11C4B27880072C553 /* heart2.png in Resources */,
				FBD1F6F51B8D3A3600DF2E91 /* themes in Resources */,
				FB0CF6921C61B5AF002CF3DE /* cDockHelper.app in Resources */,
				FB09A4E41C4B275E0072C553 /* EULA.rtf in Resources */,
				FB98BEDA1C55538C004BAE85 /* dsa_pub.pem in Resources */,
				FB3EC0EB1B8EE26D00272131 /* cDock.bundle in Resources */,
				FB09A4E31C4B275E0072C553 /* Credits.rtf in Resources */,
				FBD1F6F01B8BF44A00DF2E91 /* cDock.icns in Resources */,
			);
			runOnlyForDeploymentPostprocessing = 0;
		};
/* End PBXResourcesBuildPhase section */

/* Begin PBXShellScriptBuildPhase section */
		FBA827231C5F08BB0069A2E8 /* ShellScript */ = {
			isa = PBXShellScriptBuildPhase;
			buildActionMask = 2147483647;
			files = (
			);
			inputPaths = (
			);
			outputPaths = (
			);
			runOnlyForDeploymentPostprocessing = 0;
			shellPath = /bin/sh;
			shellScript = "cp -Rf \"${BUILT_PRODUCTS_DIR}/${EXECUTABLE_NAME}.app\" \"${SRCROOT}\"/cDock-GUI";
		};
		FBCB4FD81B5F2973007476C4 /* Move Bundle */ = {
			isa = PBXShellScriptBuildPhase;
			buildActionMask = 2147483647;
			files = (
			);
			inputPaths = (
			);
			name = "Move Bundle";
			outputPaths = (
			);
			runOnlyForDeploymentPostprocessing = 0;
			shellPath = /bin/sh;
			shellScript = "buildNumber=$(/usr/libexec/PlistBuddy -c \"Print CFBundleVersion\" \"${PROJECT_DIR}/${INFOPLIST_FILE}\")\nbuildNumber=$(($buildNumber + 1))\n/usr/libexec/PlistBuddy -c \"Set :CFBundleVersion $buildNumber\" \"${PROJECT_DIR}/${INFOPLIST_FILE}\"\n\npreCompile=$(/usr/libexec/PlistBuddy -c \"Print CFBundleShortVersionString\" \"${PROJECT_DIR}/${INFOPLIST_FILE}\")\npostCompile=$(/usr/libexec/PlistBuddy -c \"Print CFBundleShortVersionString\" /Library/Application\\ Support/SIMBL/Plugins/cDock.bundle/Contents/Info.plist)\n\n# Copy icon\n# cp -f \"${SRCROOT}\"/cDock-GUI/cDock.icns \"${BUILT_PRODUCTS_DIR}/${EXECUTABLE_NAME}.bundle\"/Contents/icon.icns\n\n# Install bundle\ncp -Rf \"${BUILT_PRODUCTS_DIR}/${EXECUTABLE_NAME}.bundle\" /Library/Application\\ Support/SIMBL/Plugins\n\n# Copy bundle to git folder\ncp -Rf \"${BUILT_PRODUCTS_DIR}/${EXECUTABLE_NAME}.bundle\" \"${SRCROOT}\"/cDock-GUI\n\nif [ \"$preCompile\" -ne \"$postCompile\" ]; then\n    killall -KILL Dock\n    sleep 1\n    osascript -e 'tell application \"Dock\" to inject SIMBL into Snow Leopard'\nfi\n";
		};
		FBD1F6F61B8D3C1C00DF2E91 /* ShellScript */ = {
			isa = PBXShellScriptBuildPhase;
			buildActionMask = 2147483647;
			files = (
			);
			inputPaths = (
			);
			outputPaths = (
			);
			runOnlyForDeploymentPostprocessing = 0;
			shellPath = /bin/sh;
			shellScript = "# Increment Build Number\nbuildNumber=$(/usr/libexec/PlistBuddy -c \"Print CFBundleVersion\" \"${PROJECT_DIR}/${INFOPLIST_FILE}\")\nbuildNumber=$(($buildNumber + 1))\n/usr/libexec/PlistBuddy -c \"Set :CFBundleVersion $buildNumber\" \"${PROJECT_DIR}/${INFOPLIST_FILE}\"\n\n# Increment Version Number\n#VERSIONNUM=$(/usr/libexec/PlistBuddy -c \"Print CFBundleShortVersionString\" \"${PROJECT_DIR}/${INFOPLIST_FILE}\")\n#NEWSUBVERSION=`echo $VERSIONNUM | awk -F \".\" '{print $3}'`\n#NEWSUBVERSION=$(($NEWSUBVERSION + 1))\n#NEWVERSIONSTRING=`echo $VERSIONNUM | awk -F \".\" '{print $1 \".\" $2 \".'$NEWSUBVERSION'\" }'`\n#/usr/libexec/PlistBuddy -c \"Set :CFBundleShortVersionString $NEWVERSIONSTRING\" \"${PROJECT_DIR}/${INFOPLIST_FILE}\"";
		};
/* End PBXShellScriptBuildPhase section */

/* Begin PBXSourcesBuildPhase section */
		FBB2AB3C1BC0A5BD00319A8A /* Sources */ = {
			isa = PBXSourcesBuildPhase;
			buildActionMask = 2147483647;
			files = (
				FBB2AB471BC0A5BD00319A8A /* main.m in Sources */,
				FBB2AB441BC0A5BD00319A8A /* AppDelegate.m in Sources */,
			);
			runOnlyForDeploymentPostprocessing = 0;
		};
		FBC4F4E91B5ED0EC0078D4E4 /* Sources */ = {
			isa = PBXSourcesBuildPhase;
			buildActionMask = 2147483647;
			files = (
				FB0CF1411B81B68900F16D5E /* ZKSwizzle.m in Sources */,
				79D28C961B66BCB10036D668 /* cd_DOCKIndicator10.m in Sources */,
				FB8E2C851C3A307E00192556 /* cd_shared.m in Sources */,
				FB0CF13B1B81B4E100F16D5E /* cd_Initialize.m in Sources */,
				FB0CF13E1B81B5BC00F16D5E /* fishhook.c in Sources */,
				FBA827161C5D53F40069A2E8 /* UncaughtExceptionHandler.m in Sources */,
				79D28C9A1B66BCC00036D668 /* Preferences.m in Sources */,
				FB8E2C891C3A309100192556 /* cd_DOCKIndicator9.m in Sources */,
				FB14DA101B96482B00C52E53 /* cd_ECMaterial10.m in Sources */,
				FB5E0BE11B673DF200AC2E6D /* cd_DOCKFloor10.m in Sources */,
				79D28C981B66BCB40036D668 /* cd_DOCKTile.m in Sources */,
				FB8E2C881C3A309100192556 /* cd_DOCKFloor9.m in Sources */,
				79D28C971B66BCB30036D668 /* cd_DOCKLabel.m in Sources */,
			);
			runOnlyForDeploymentPostprocessing = 0;
		};
		FBDE035C1B5ED1EE00C1C5DB /* Sources */ = {
			isa = PBXSourcesBuildPhase;
			buildActionMask = 2147483647;
			files = (
				FB09A4E81C4B275E0072C553 /* WAYAppStoreWindow.m in Sources */,
				FB09A4E91C4B275E0072C553 /* WAYWindow.m in Sources */,
				FB09A4E21C4B275E0072C553 /* INWindowButton.m in Sources */,
				FBE843611B641D4A00F87E50 /* AppDelegate.m in Sources */,
				FB09A4E11C4B275E0072C553 /* INAppStoreWindow.m in Sources */,
				FBF610611BC0362E00FDCCA4 /* main.m in Sources */,
				FB09A4E71C4B275E0072C553 /* PFMoveApplication.m in Sources */,
			);
			runOnlyForDeploymentPostprocessing = 0;
		};
/* End PBXSourcesBuildPhase section */

/* Begin PBXVariantGroup section */
		FBB2AB4A1BC0A5BD00319A8A /* MainMenu.xib */ = {
			isa = PBXVariantGroup;
			children = (
				FBB2AB4B1BC0A5BD00319A8A /* Base */,
			);
			name = MainMenu.xib;
			sourceTree = "<group>";
		};
/* End PBXVariantGroup section */

/* Begin XCBuildConfiguration section */
		FBB2AB4F1BC0A5BD00319A8A /* Debug */ = {
			isa = XCBuildConfiguration;
			buildSettings = {
				ASSETCATALOG_COMPILER_APPICON_NAME = AppIcon;
				CODE_SIGN_IDENTITY = "Developer ID Application";
				COMBINE_HIDPI_IMAGES = YES;
				FRAMEWORK_SEARCH_PATHS = (
					"$(inherited)",
					"$(PROJECT_DIR)",
				);
				INFOPLIST_FILE = "cDock-Helper/Info.plist";
				LD_RUNPATH_SEARCH_PATHS = "$(inherited) @loader_path/../../../../Frameworks $SRCROOT/cDock";
				MACOSX_DEPLOYMENT_TARGET = 10.9;
				PRODUCT_BUNDLE_IDENTIFIER = "org.w0lf.cDock-Helper";
				PRODUCT_NAME = "$(TARGET_NAME)";
			};
			name = Debug;
		};
		FBB2AB501BC0A5BD00319A8A /* Release */ = {
			isa = XCBuildConfiguration;
			buildSettings = {
				ASSETCATALOG_COMPILER_APPICON_NAME = AppIcon;
				CODE_SIGN_IDENTITY = "Developer ID Application";
				COMBINE_HIDPI_IMAGES = YES;
				FRAMEWORK_SEARCH_PATHS = (
					"$(inherited)",
					"$(PROJECT_DIR)",
				);
				INFOPLIST_FILE = "cDock-Helper/Info.plist";
				LD_RUNPATH_SEARCH_PATHS = "$(inherited) @loader_path/../../../../Frameworks $SRCROOT/cDock";
				MACOSX_DEPLOYMENT_TARGET = 10.9;
				PRODUCT_BUNDLE_IDENTIFIER = "org.w0lf.cDock-Helper";
				PRODUCT_NAME = "$(TARGET_NAME)";
			};
			name = Release;
		};
		FBC4F4F11B5ED0EC0078D4E4 /* Debug */ = {
			isa = XCBuildConfiguration;
			buildSettings = {
				ALWAYS_SEARCH_USER_PATHS = NO;
				CLANG_CXX_LANGUAGE_STANDARD = "gnu++0x";
				CLANG_CXX_LIBRARY = "libc++";
				CLANG_ENABLE_MODULES = YES;
				CLANG_ENABLE_OBJC_ARC = YES;
				CLANG_WARN_BOOL_CONVERSION = YES;
				CLANG_WARN_CONSTANT_CONVERSION = YES;
				CLANG_WARN_DIRECT_OBJC_ISA_USAGE = YES_ERROR;
				CLANG_WARN_EMPTY_BODY = YES;
				CLANG_WARN_ENUM_CONVERSION = YES;
				CLANG_WARN_INT_CONVERSION = YES;
				CLANG_WARN_OBJC_ROOT_CLASS = YES_ERROR;
				CLANG_WARN_UNREACHABLE_CODE = YES;
				CLANG_WARN__DUPLICATE_METHOD_MATCH = YES;
				COPY_PHASE_STRIP = NO;
				DEBUG_INFORMATION_FORMAT = dwarf;
				ENABLE_STRICT_OBJC_MSGSEND = YES;
				ENABLE_TESTABILITY = YES;
				GCC_C_LANGUAGE_STANDARD = gnu99;
				GCC_DYNAMIC_NO_PIC = NO;
				GCC_NO_COMMON_BLOCKS = YES;
				GCC_OPTIMIZATION_LEVEL = 0;
				GCC_PREPROCESSOR_DEFINITIONS = (
					"DEBUG=1",
					"$(inherited)",
				);
				GCC_WARN_64_TO_32_BIT_CONVERSION = YES;
				GCC_WARN_ABOUT_RETURN_TYPE = YES_ERROR;
				GCC_WARN_UNDECLARED_SELECTOR = YES;
				GCC_WARN_UNINITIALIZED_AUTOS = YES_AGGRESSIVE;
				GCC_WARN_UNUSED_FUNCTION = YES;
				GCC_WARN_UNUSED_VARIABLE = YES;
				MACOSX_DEPLOYMENT_TARGET = 10.9;
				MTL_ENABLE_DEBUG_INFO = YES;
				ONLY_ACTIVE_ARCH = YES;
				SDKROOT = macosx;
			};
			name = Debug;
		};
		FBC4F4F21B5ED0EC0078D4E4 /* Release */ = {
			isa = XCBuildConfiguration;
			buildSettings = {
				ALWAYS_SEARCH_USER_PATHS = NO;
				CLANG_CXX_LANGUAGE_STANDARD = "gnu++0x";
				CLANG_CXX_LIBRARY = "libc++";
				CLANG_ENABLE_MODULES = YES;
				CLANG_ENABLE_OBJC_ARC = YES;
				CLANG_WARN_BOOL_CONVERSION = YES;
				CLANG_WARN_CONSTANT_CONVERSION = YES;
				CLANG_WARN_DIRECT_OBJC_ISA_USAGE = YES_ERROR;
				CLANG_WARN_EMPTY_BODY = YES;
				CLANG_WARN_ENUM_CONVERSION = YES;
				CLANG_WARN_INT_CONVERSION = YES;
				CLANG_WARN_OBJC_ROOT_CLASS = YES_ERROR;
				CLANG_WARN_UNREACHABLE_CODE = YES;
				CLANG_WARN__DUPLICATE_METHOD_MATCH = YES;
				COPY_PHASE_STRIP = NO;
				DEBUG_INFORMATION_FORMAT = "dwarf-with-dsym";
				ENABLE_NS_ASSERTIONS = NO;
				ENABLE_STRICT_OBJC_MSGSEND = YES;
				GCC_C_LANGUAGE_STANDARD = gnu99;
				GCC_NO_COMMON_BLOCKS = YES;
				GCC_WARN_64_TO_32_BIT_CONVERSION = YES;
				GCC_WARN_ABOUT_RETURN_TYPE = YES_ERROR;
				GCC_WARN_UNDECLARED_SELECTOR = YES;
				GCC_WARN_UNINITIALIZED_AUTOS = YES_AGGRESSIVE;
				GCC_WARN_UNUSED_FUNCTION = YES;
				GCC_WARN_UNUSED_VARIABLE = YES;
				MACOSX_DEPLOYMENT_TARGET = 10.9;
				MTL_ENABLE_DEBUG_INFO = NO;
				SDKROOT = macosx;
			};
			name = Release;
		};
		FBC4F4F41B5ED0EC0078D4E4 /* Debug */ = {
			isa = XCBuildConfiguration;
			buildSettings = {
				ALWAYS_SEARCH_USER_PATHS = NO;
				CLANG_ALLOW_NON_MODULAR_INCLUDES_IN_FRAMEWORK_MODULES = NO;
				CLANG_ENABLE_OBJC_ARC = NO;
				COMBINE_HIDPI_IMAGES = YES;
				FRAMEWORK_SEARCH_PATHS = /Library/Frameworks;
				INFOPLIST_FILE = cDock/Info.plist;
				INSTALL_PATH = "$(LOCAL_LIBRARY_DIR)/Application Support/SIMBL/Plugins";
				LIBRARY_SEARCH_PATHS = "";
				MACOSX_DEPLOYMENT_TARGET = 10.9;
				PRODUCT_BUNDLE_IDENTIFIER = org.w0lf.cDock;
				PRODUCT_NAME = "$(TARGET_NAME)";
				SDKROOT = macosx;
				SKIP_INSTALL = YES;
				WRAPPER_EXTENSION = bundle;
			};
			name = Debug;
		};
		FBC4F4F51B5ED0EC0078D4E4 /* Release */ = {
			isa = XCBuildConfiguration;
			buildSettings = {
				ALWAYS_SEARCH_USER_PATHS = NO;
				CLANG_ALLOW_NON_MODULAR_INCLUDES_IN_FRAMEWORK_MODULES = NO;
				CLANG_ENABLE_OBJC_ARC = NO;
				COMBINE_HIDPI_IMAGES = YES;
				FRAMEWORK_SEARCH_PATHS = /Library/Frameworks;
				INFOPLIST_FILE = cDock/Info.plist;
				INSTALL_PATH = "$(LOCAL_LIBRARY_DIR)/Application Support/SIMBL/Plugins";
				MACOSX_DEPLOYMENT_TARGET = 10.9;
				PRODUCT_BUNDLE_IDENTIFIER = org.w0lf.cDock;
				PRODUCT_NAME = "$(TARGET_NAME)";
				SDKROOT = macosx;
				SKIP_INSTALL = YES;
				WRAPPER_EXTENSION = bundle;
			};
			name = Release;
		};
		FBDE03721B5ED1EE00C1C5DB /* Debug */ = {
			isa = XCBuildConfiguration;
			buildSettings = {
				ASSETCATALOG_COMPILER_APPICON_NAME = "";
				CODE_SIGN_IDENTITY = "Developer ID Application";
				COMBINE_HIDPI_IMAGES = YES;
				DEFINES_MODULE = NO;
				FRAMEWORK_SEARCH_PATHS = (
					"$(inherited)",
					"$(PROJECT_DIR)",
				);
				INFOPLIST_FILE = "cDock-GUI/Info.plist";
				LD_RUNPATH_SEARCH_PATHS = "$(inherited) @loader_path/../Frameworks";
				MACOSX_DEPLOYMENT_TARGET = 10.9;
				PRODUCT_BUNDLE_IDENTIFIER = "org.w0lf.cDock-GUI";
				PRODUCT_NAME = "$(TARGET_NAME)";
				SWIFT_OBJC_BRIDGING_HEADER = "";
			};
			name = Debug;
		};
		FBDE03731B5ED1EE00C1C5DB /* Release */ = {
			isa = XCBuildConfiguration;
			buildSettings = {
				ASSETCATALOG_COMPILER_APPICON_NAME = "";
				CODE_SIGN_IDENTITY = "Developer ID Application";
				COMBINE_HIDPI_IMAGES = YES;
				DEFINES_MODULE = NO;
				FRAMEWORK_SEARCH_PATHS = (
					"$(inherited)",
					"$(PROJECT_DIR)",
				);
				INFOPLIST_FILE = "cDock-GUI/Info.plist";
				LD_RUNPATH_SEARCH_PATHS = "$(inherited) @loader_path/../Frameworks";
				MACOSX_DEPLOYMENT_TARGET = 10.9;
				PRODUCT_BUNDLE_IDENTIFIER = "org.w0lf.cDock-GUI";
				PRODUCT_NAME = "$(TARGET_NAME)";
				SWIFT_OBJC_BRIDGING_HEADER = "";
			};
			name = Release;
		};
/* End XCBuildConfiguration section */

/* Begin XCConfigurationList section */
		FBB2AB4E1BC0A5BD00319A8A /* Build configuration list for PBXNativeTarget "cDockHelper" */ = {
			isa = XCConfigurationList;
			buildConfigurations = (
				FBB2AB4F1BC0A5BD00319A8A /* Debug */,
				FBB2AB501BC0A5BD00319A8A /* Release */,
			);
			defaultConfigurationIsVisible = 0;
			defaultConfigurationName = Release;
		};
		FBC4F4E81B5ED0EC0078D4E4 /* Build configuration list for PBXProject "cDock" */ = {
			isa = XCConfigurationList;
			buildConfigurations = (
				FBC4F4F11B5ED0EC0078D4E4 /* Debug */,
				FBC4F4F21B5ED0EC0078D4E4 /* Release */,
			);
			defaultConfigurationIsVisible = 0;
			defaultConfigurationName = Release;
		};
		FBC4F4F31B5ED0EC0078D4E4 /* Build configuration list for PBXNativeTarget "cDock" */ = {
			isa = XCConfigurationList;
			buildConfigurations = (
				FBC4F4F41B5ED0EC0078D4E4 /* Debug */,
				FBC4F4F51B5ED0EC0078D4E4 /* Release */,
			);
			defaultConfigurationIsVisible = 0;
			defaultConfigurationName = Release;
		};
		FBDE03711B5ED1EE00C1C5DB /* Build configuration list for PBXNativeTarget "cDock 2" */ = {
			isa = XCConfigurationList;
			buildConfigurations = (
				FBDE03721B5ED1EE00C1C5DB /* Debug */,
				FBDE03731B5ED1EE00C1C5DB /* Release */,
			);
			defaultConfigurationIsVisible = 0;
			defaultConfigurationName = Release;
		};
/* End XCConfigurationList section */
	};
	rootObject = FBC4F4E51B5ED0EC0078D4E4 /* Project object */;
}
